# This file is automatically @generated by Cargo.
# It is not intended for manual editing.
version = 4

[[package]]
name = "ferrum-cli"
version = "0.1.0"
dependencies = [
 "ferrum-mesh",
]

[[package]]
name = "ferrum-mesh"
version = "0.1.0"

[[package]]
name = "ferrum-run"
version = "0.1.0"
dependencies = [
 "ferrum-cli",
]
